
Microsoft Visual Studio Solution File, Format Version 12.00
# Visual Studio Version 17
VisualStudioVersion = 17.0.31912.275
MinimumVisualStudioVersion = 10.0.40219.1
Project("{9A19103F-16F7-4668-BE54-9A1E7A4F7556}") = "Countdown", "Countdown\Countdown.csproj", "{8264500D-E9E6-4A24-BE0D-CB9F49643B4B}"
EndProject
Global
	GlobalSection(SolutionConfigurationPlatforms) = preSolution
		Debug|Any CPU = Debug|Any CPU
		Debug|x64 = Debug|x64
		Release|Any CPU = Release|Any CPU
		Release|x64 = Release|x64
	EndGlobalSection
	GlobalSection(ProjectConfigurationPlatforms) = postSolution
		{8264500D-E9E6-4A24-BE0D-CB9F49643B4B}.Debug|Any CPU.ActiveCfg = Release|Any CPU
		{8264500D-E9E6-4A24-BE0D-CB9F49643B4B}.Debug|Any CPU.Build.0 = Release|Any CPU
		{8264500D-E9E6-4A24-BE0D-CB9F49643B4B}.Debug|x64.ActiveCfg = Debug|x64
		{8264500D-E9E6-4A24-BE0D-CB9F49643B4B}.Debug|x64.Build.0 = Debug|x64
		{8264500D-E9E6-4A24-BE0D-CB9F49643B4B}.Release|Any CPU.ActiveCfg = Release|Any CPU
		{8264500D-E9E6-4A24-BE0D-CB9F49643B4B}.Release|Any CPU.Build.0 = Release|Any CPU
		{8264500D-E9E6-4A24-BE0D-CB9F49643B4B}.Release|x64.ActiveCfg = Release|x64
		{8264500D-E9E6-4A24-BE0D-CB9F49643B4B}.Release|x64.Build.0 = Release|x64
	EndGlobalSection
	GlobalSection(SolutionProperties) = preSolution
		HideSolutionNode = FALSE
	EndGlobalSection
	GlobalSection(ExtensibilityGlobals) = postSolution
		SolutionGuid = {990FD1E2-7345-49E2-9F60-4A8E78D376E9}
	EndGlobalSection
EndGlobal
