
Microsoft Visual Studio Solution File, Format Version 12.00
# Visual Studio Version 17
VisualStudioVersion = 17.0.31912.275
MinimumVisualStudioVersion = 10.0.40219.1
Project("{FAE04EC0-301F-11D3-BF4B-00C04F79EFBC}") = "Countdown", "Countdown\Countdown.csproj", "{A2CA0269-E0DD-4755-B7AD-FA10EE24ADE7}"
EndProject
Global
	GlobalSection(SolutionConfigurationPlatforms) = preSolution
		Debug|Any CPU = Debug|Any CPU
		Debug|x64 = Debug|x64
		Release|Any CPU = Release|Any CPU
		Release|x64 = Release|x64
	EndGlobalSection
	GlobalSection(ProjectConfigurationPlatforms) = postSolution
		{A2CA0269-E0DD-4755-B7AD-FA10EE24ADE7}.Debug|Any CPU.ActiveCfg = Debug|Any CPU
		{A2CA0269-E0DD-4755-B7AD-FA10EE24ADE7}.Debug|Any CPU.Build.0 = Debug|Any CPU
		{A2CA0269-E0DD-4755-B7AD-FA10EE24ADE7}.Debug|x64.ActiveCfg = Debug|x64
		{A2CA0269-E0DD-4755-B7AD-FA10EE24ADE7}.Debug|x64.Build.0 = Debug|x64
		{A2CA0269-E0DD-4755-B7AD-FA10EE24ADE7}.Release|Any CPU.ActiveCfg = Release|Any CPU
		{A2CA0269-E0DD-4755-B7AD-FA10EE24ADE7}.Release|Any CPU.Build.0 = Release|Any CPU
		{A2CA0269-E0DD-4755-B7AD-FA10EE24ADE7}.Release|x64.ActiveCfg = Release|x64
		{A2CA0269-E0DD-4755-B7AD-FA10EE24ADE7}.Release|x64.Build.0 = Release|x64
	EndGlobalSection
	GlobalSection(SolutionProperties) = preSolution
		HideSolutionNode = FALSE
	EndGlobalSection
	GlobalSection(ExtensibilityGlobals) = postSolution
		SolutionGuid = {C8F8FE7F-ABAB-42A8-BD60-8FF28DFACC30}
	EndGlobalSection
EndGlobal
